
Microsoft Visual Studio Solution File, Format Version 12.00
# Visual Studio Version 17
VisualStudioVersion = 17.7.34202.233
MinimumVisualStudioVersion = 10.0.40219.1
Project("{8BC9CEB8-8B4A-11D0-8D11-00A0C91BC942}") = "ConsoleApplication3", "ConsoleApplication3\ConsoleApplication3.vcxproj", "{E0C58A7F-37F2-41C4-A98F-0CFFA4A46BCB}"
EndProject
Global
	GlobalSection(SolutionConfigurationPlatforms) = preSolution
		Debug|x64 = Debug|x64
		Debug|x86 = Debug|x86
		Release|x64 = Release|x64
		Release|x86 = Release|x86
	EndGlobalSection
	GlobalSection(ProjectConfigurationPlatforms) = postSolution
		{E0C58A7F-37F2-41C4-A98F-0CFFA4A46BCB}.Debug|x64.ActiveCfg = Debug|x64
		{E0C58A7F-37F2-41C4-A98F-0CFFA4A46BCB}.Debug|x64.Build.0 = Debug|x64
		{E0C58A7F-37F2-41C4-A98F-0CFFA4A46BCB}.Debug|x86.ActiveCfg = Debug|Win32
		{E0C58A7F-37F2-41C4-A98F-0CFFA4A46BCB}.Debug|x86.Build.0 = Debug|Win32
		{E0C58A7F-37F2-41C4-A98F-0CFFA4A46BCB}.Release|x64.ActiveCfg = Release|x64
		{E0C58A7F-37F2-41C4-A98F-0CFFA4A46BCB}.Release|x64.Build.0 = Release|x64
		{E0C58A7F-37F2-41C4-A98F-0CFFA4A46BCB}.Release|x86.ActiveCfg = Release|Win32
		{E0C58A7F-37F2-41C4-A98F-0CFFA4A46BCB}.Release|x86.Build.0 = Release|Win32
	EndGlobalSection
	GlobalSection(SolutionProperties) = preSolution
		HideSolutionNode = FALSE
	EndGlobalSection
	GlobalSection(ExtensibilityGlobals) = postSolution
		SolutionGuid = {4A33A20A-424E-49F4-81AF-EA8AED894A1E}
	EndGlobalSection
EndGlobal
