
Microsoft Visual Studio Solution File, Format Version 12.00
# Visual Studio Version 17
VisualStudioVersion = 17.7.34202.233
MinimumVisualStudioVersion = 10.0.40219.1
Project("{8BC9CEB8-8B4A-11D0-8D11-00A0C91BC942}") = "ConsoleApplication3", "ConsoleApplication3\ConsoleApplication3.vcxproj", "{137EE142-EB5E-4921-A2C2-A15127963278}"
EndProject
Global
	GlobalSection(SolutionConfigurationPlatforms) = preSolution
		Debug|x64 = Debug|x64
		Debug|x86 = Debug|x86
		Release|x64 = Release|x64
		Release|x86 = Release|x86
	EndGlobalSection
	GlobalSection(ProjectConfigurationPlatforms) = postSolution
		{137EE142-EB5E-4921-A2C2-A15127963278}.Debug|x64.ActiveCfg = Debug|x64
		{137EE142-EB5E-4921-A2C2-A15127963278}.Debug|x64.Build.0 = Debug|x64
		{137EE142-EB5E-4921-A2C2-A15127963278}.Debug|x86.ActiveCfg = Debug|Win32
		{137EE142-EB5E-4921-A2C2-A15127963278}.Debug|x86.Build.0 = Debug|Win32
		{137EE142-EB5E-4921-A2C2-A15127963278}.Release|x64.ActiveCfg = Release|x64
		{137EE142-EB5E-4921-A2C2-A15127963278}.Release|x64.Build.0 = Release|x64
		{137EE142-EB5E-4921-A2C2-A15127963278}.Release|x86.ActiveCfg = Release|Win32
		{137EE142-EB5E-4921-A2C2-A15127963278}.Release|x86.Build.0 = Release|Win32
	EndGlobalSection
	GlobalSection(SolutionProperties) = preSolution
		HideSolutionNode = FALSE
	EndGlobalSection
	GlobalSection(ExtensibilityGlobals) = postSolution
		SolutionGuid = {F34D5220-95F4-4750-B50E-99EE5EA20C4F}
	EndGlobalSection
EndGlobal
