
Microsoft Visual Studio Solution File, Format Version 12.00
# Visual Studio Version 17
VisualStudioVersion = 17.7.34202.233
MinimumVisualStudioVersion = 10.0.40219.1
Project("{8BC9CEB8-8B4A-11D0-8D11-00A0C91BC942}") = "ConsoleApplication3", "ConsoleApplication3\ConsoleApplication3.vcxproj", "{33914582-0B91-4908-AB7F-FAC1F2C50349}"
EndProject
Global
	GlobalSection(SolutionConfigurationPlatforms) = preSolution
		Debug|x64 = Debug|x64
		Debug|x86 = Debug|x86
		Release|x64 = Release|x64
		Release|x86 = Release|x86
	EndGlobalSection
	GlobalSection(ProjectConfigurationPlatforms) = postSolution
		{33914582-0B91-4908-AB7F-FAC1F2C50349}.Debug|x64.ActiveCfg = Debug|x64
		{33914582-0B91-4908-AB7F-FAC1F2C50349}.Debug|x64.Build.0 = Debug|x64
		{33914582-0B91-4908-AB7F-FAC1F2C50349}.Debug|x86.ActiveCfg = Debug|Win32
		{33914582-0B91-4908-AB7F-FAC1F2C50349}.Debug|x86.Build.0 = Debug|Win32
		{33914582-0B91-4908-AB7F-FAC1F2C50349}.Release|x64.ActiveCfg = Release|x64
		{33914582-0B91-4908-AB7F-FAC1F2C50349}.Release|x64.Build.0 = Release|x64
		{33914582-0B91-4908-AB7F-FAC1F2C50349}.Release|x86.ActiveCfg = Release|Win32
		{33914582-0B91-4908-AB7F-FAC1F2C50349}.Release|x86.Build.0 = Release|Win32
	EndGlobalSection
	GlobalSection(SolutionProperties) = preSolution
		HideSolutionNode = FALSE
	EndGlobalSection
	GlobalSection(ExtensibilityGlobals) = postSolution
		SolutionGuid = {3682417F-6CEA-4C2F-9844-305D916A9697}
	EndGlobalSection
EndGlobal
