
Microsoft Visual Studio Solution File, Format Version 12.00
# Visual Studio Version 17
VisualStudioVersion = 17.7.34202.233
MinimumVisualStudioVersion = 10.0.40219.1
Project("{8BC9CEB8-8B4A-11D0-8D11-00A0C91BC942}") = "ConsoleApplication3", "ConsoleApplication3\ConsoleApplication3.vcxproj", "{CC4565D9-4C14-43DA-A2FC-E90E3342624B}"
EndProject
Global
	GlobalSection(SolutionConfigurationPlatforms) = preSolution
		Debug|x64 = Debug|x64
		Debug|x86 = Debug|x86
		Release|x64 = Release|x64
		Release|x86 = Release|x86
	EndGlobalSection
	GlobalSection(ProjectConfigurationPlatforms) = postSolution
		{CC4565D9-4C14-43DA-A2FC-E90E3342624B}.Debug|x64.ActiveCfg = Debug|x64
		{CC4565D9-4C14-43DA-A2FC-E90E3342624B}.Debug|x64.Build.0 = Debug|x64
		{CC4565D9-4C14-43DA-A2FC-E90E3342624B}.Debug|x86.ActiveCfg = Debug|Win32
		{CC4565D9-4C14-43DA-A2FC-E90E3342624B}.Debug|x86.Build.0 = Debug|Win32
		{CC4565D9-4C14-43DA-A2FC-E90E3342624B}.Release|x64.ActiveCfg = Release|x64
		{CC4565D9-4C14-43DA-A2FC-E90E3342624B}.Release|x64.Build.0 = Release|x64
		{CC4565D9-4C14-43DA-A2FC-E90E3342624B}.Release|x86.ActiveCfg = Release|Win32
		{CC4565D9-4C14-43DA-A2FC-E90E3342624B}.Release|x86.Build.0 = Release|Win32
	EndGlobalSection
	GlobalSection(SolutionProperties) = preSolution
		HideSolutionNode = FALSE
	EndGlobalSection
	GlobalSection(ExtensibilityGlobals) = postSolution
		SolutionGuid = {EFBDEABD-5EDB-425B-B865-B62C8840F1F4}
	EndGlobalSection
EndGlobal
